// !$*UTF8*$!
{
	archiveVersion = 1;
	classes = {
	};
	objectVersion = 46;
	objects = {

/* Begin PBXBuildFile section */
		254E2DBEE76B4419B31FDF2E /* Pods_DevFest.framework in Frameworks */ = {isa = PBXBuildFile; fileRef = 0A14EDBA2C688733596A73F2 /* Pods_DevFest.framework */; };
		2ECAE7DE92F81F7795741967 /* Pods_DevFestUITests.framework in Frameworks */ = {isa = PBXBuildFile; fileRef = 50050CDD42AE895A7E37635D /* Pods_DevFestUITests.framework */; };
		3B738874BE8509034437C61C /* Pods_DevFestTests.framework in Frameworks */ = {isa = PBXBuildFile; fileRef = E8FD5882F63F51F7CACE41A8 /* Pods_DevFestTests.framework */; };
		DA0D74301DEE13F0005F71B3 /* FlowLayoutContaining.swift in Sources */ = {isa = PBXBuildFile; fileRef = DA0D742F1DEE13F0005F71B3 /* FlowLayoutContaining.swift */; };
		DA0D74321DEE3581005F71B3 /* SpeakerTitleView.swift in Sources */ = {isa = PBXBuildFile; fileRef = DA0D74311DEE3581005F71B3 /* SpeakerTitleView.swift */; };
		DA118EE31E0B159B00DA2D8E /* GoogleService-Info.plist in Resources */ = {isa = PBXBuildFile; fileRef = DA118EE21E0B159B00DA2D8E /* GoogleService-Info.plist */; };
		DA118EE61E0B185600DA2D8E /* FirebaseCoordinator.swift in Sources */ = {isa = PBXBuildFile; fileRef = DA118EE51E0B185600DA2D8E /* FirebaseCoordinator.swift */; };
		DA118EE81E0B18F700DA2D8E /* FirebaseSessionDataSource.swift in Sources */ = {isa = PBXBuildFile; fileRef = DA118EE71E0B18F700DA2D8E /* FirebaseSessionDataSource.swift */; };
		DA1340CD1E22E81D006912B4 /* SettingsViewController.swift in Sources */ = {isa = PBXBuildFile; fileRef = DA1340CC1E22E81D006912B4 /* SettingsViewController.swift */; };
		DA14F8821DE9ED7A0092F899 /* MapViewController.swift in Sources */ = {isa = PBXBuildFile; fileRef = DA14F8811DE9ED7A0092F899 /* MapViewController.swift */; };
		DA192AE61E2D2D53000DDD30 /* SettingsCoordinator.swift in Sources */ = {isa = PBXBuildFile; fileRef = DA192AE51E2D2D53000DDD30 /* SettingsCoordinator.swift */; };
		DA192AE91E2D7692000DDD30 /* ImageRepository.swift in Sources */ = {isa = PBXBuildFile; fileRef = DA192AE81E2D7692000DDD30 /* ImageRepository.swift */; };
		DA1AD5961E32EFC0003F4D37 /* StretchingImageHeaderContainer.swift in Sources */ = {isa = PBXBuildFile; fileRef = DA1AD5951E32EFC0003F4D37 /* StretchingImageHeaderContainer.swift */; };
		DA29EC5D1E32D79A001D8FF4 /* FaceDisplayingImageView.swift in Sources */ = {isa = PBXBuildFile; fileRef = DA29EC5A1E32D79A001D8FF4 /* FaceDisplayingImageView.swift */; };
		DA29EC5E1E32D79A001D8FF4 /* ImageFaceDetector.swift in Sources */ = {isa = PBXBuildFile; fileRef = DA29EC5B1E32D79A001D8FF4 /* ImageFaceDetector.swift */; };
		DA29EC5F1E32D79A001D8FF4 /* ImageHeaderView.swift in Sources */ = {isa = PBXBuildFile; fileRef = DA29EC5C1E32D79A001D8FF4 /* ImageHeaderView.swift */; };
		DA2F3B471DE6219E00B2F8D2 /* AppDelegate.swift in Sources */ = {isa = PBXBuildFile; fileRef = DA2F3B461DE6219E00B2F8D2 /* AppDelegate.swift */; };
		DA2F3B4E1DE6219E00B2F8D2 /* Main.storyboard in Resources */ = {isa = PBXBuildFile; fileRef = DA2F3B4C1DE6219E00B2F8D2 /* Main.storyboard */; };
		DA2F3B501DE6219E00B2F8D2 /* Assets.xcassets in Resources */ = {isa = PBXBuildFile; fileRef = DA2F3B4F1DE6219E00B2F8D2 /* Assets.xcassets */; };
		DA2F3B531DE6219E00B2F8D2 /* LaunchScreen.storyboard in Resources */ = {isa = PBXBuildFile; fileRef = DA2F3B511DE6219E00B2F8D2 /* LaunchScreen.storyboard */; };
		DA2F3B5E1DE6219E00B2F8D2 /* DevFestTests.swift in Sources */ = {isa = PBXBuildFile; fileRef = DA2F3B5D1DE6219E00B2F8D2 /* DevFestTests.swift */; };
		DA2F3B691DE6219E00B2F8D2 /* DevFestUITests.swift in Sources */ = {isa = PBXBuildFile; fileRef = DA2F3B681DE6219E00B2F8D2 /* DevFestUITests.swift */; };
		DA2F3B791DE622C900B2F8D2 /* AppCoordinator.swift in Sources */ = {isa = PBXBuildFile; fileRef = DA2F3B781DE622C900B2F8D2 /* AppCoordinator.swift */; };
		DA2F3B7C1DE6247A00B2F8D2 /* SessionsViewController.swift in Sources */ = {isa = PBXBuildFile; fileRef = DA2F3B7B1DE6247A00B2F8D2 /* SessionsViewController.swift */; };
		DA2F3B7E1DE6249E00B2F8D2 /* SessionCell.swift in Sources */ = {isa = PBXBuildFile; fileRef = DA2F3B7D1DE6249E00B2F8D2 /* SessionCell.swift */; };
		DA2F3B801DE630A200B2F8D2 /* SessionHeaderCollectionReusableView.swift in Sources */ = {isa = PBXBuildFile; fileRef = DA2F3B7F1DE630A200B2F8D2 /* SessionHeaderCollectionReusableView.swift */; };
		DA2F3B831DE631DA00B2F8D2 /* SpeakersViewController.swift in Sources */ = {isa = PBXBuildFile; fileRef = DA2F3B821DE631DA00B2F8D2 /* SpeakersViewController.swift */; };
		DA2F3B851DE632D600B2F8D2 /* SpeakerCell.swift in Sources */ = {isa = PBXBuildFile; fileRef = DA2F3B841DE632D600B2F8D2 /* SpeakerCell.swift */; };
		DA2FFAD21E3D449200E46787 /* PillButtonContainerView.swift in Sources */ = {isa = PBXBuildFile; fileRef = DA2FFAD11E3D449200E46787 /* PillButtonContainerView.swift */; };
		DA4029A71E2BFE85005E1861 /* SpeakerDetailViewController.swift in Sources */ = {isa = PBXBuildFile; fileRef = DA4029A61E2BFE85005E1861 /* SpeakerDetailViewController.swift */; };
		DA4029A91E2C10F0005E1861 /* Sessions.storyboard in Resources */ = {isa = PBXBuildFile; fileRef = DA4029A81E2C10F0005E1861 /* Sessions.storyboard */; };
		DA4029AC1E2C1111005E1861 /* Speakers.storyboard in Resources */ = {isa = PBXBuildFile; fileRef = DA4029AA1E2C1111005E1861 /* Speakers.storyboard */; };
		DA4029AF1E2C1179005E1861 /* Settings.storyboard in Resources */ = {isa = PBXBuildFile; fileRef = DA4029AD1E2C1179005E1861 /* Settings.storyboard */; };
		DA44A3A11DEB555D00186A16 /* AppearanceNotifier.swift in Sources */ = {isa = PBXBuildFile; fileRef = DA44A3A01DEB555D00186A16 /* AppearanceNotifier.swift */; };
		DA4902381DF4DC49006D6291 /* MapOverlayButton.swift in Sources */ = {isa = PBXBuildFile; fileRef = DA4902371DF4DC49006D6291 /* MapOverlayButton.swift */; };
		DA6358381DEB50A100728D01 /* UIView+DevFest.swift in Sources */ = {isa = PBXBuildFile; fileRef = DA6358371DEB50A100728D01 /* UIView+DevFest.swift */; };
		DA7CB2441E2AC89900F26FF1 /* GoogleSignInViewController.swift in Sources */ = {isa = PBXBuildFile; fileRef = DA7CB2431E2AC89900F26FF1 /* GoogleSignInViewController.swift */; };
		DAA871DD1E3D50930000122D /* UIColor+DevFest.swift in Sources */ = {isa = PBXBuildFile; fileRef = DAA871DC1E3D50930000122D /* UIColor+DevFest.swift */; };
		DAB0C2271DEB8D4C006C97F1 /* SessionDetailViewController.swift in Sources */ = {isa = PBXBuildFile; fileRef = DAB0C2261DEB8D4C006C97F1 /* SessionDetailViewController.swift */; };
		DAB0C2291DEBA264006C97F1 /* Appearance.swift in Sources */ = {isa = PBXBuildFile; fileRef = DAB0C2281DEBA264006C97F1 /* Appearance.swift */; };
		DAB0C22B1DEBD12A006C97F1 /* SessionTitleView.swift in Sources */ = {isa = PBXBuildFile; fileRef = DAB0C22A1DEBD12A006C97F1 /* SessionTitleView.swift */; };
		DAB0C22D1DEBD3F7006C97F1 /* DateFormatter+DevFest.swift in Sources */ = {isa = PBXBuildFile; fileRef = DAB0C22C1DEBD3F7006C97F1 /* DateFormatter+DevFest.swift */; };
		DAB47D6B1E0C27200000A127 /* SessionDataSource.swift in Sources */ = {isa = PBXBuildFile; fileRef = DAB47D6A1E0C27200000A127 /* SessionDataSource.swift */; };
		DAB47D6D1E0C274D0000A127 /* DataSource.swift in Sources */ = {isa = PBXBuildFile; fileRef = DAB47D6C1E0C274D0000A127 /* DataSource.swift */; };
		DAC5E3E01E1AC66C009ADAE5 /* SpeakerDataSource.swift in Sources */ = {isa = PBXBuildFile; fileRef = DAC5E3DF1E1AC66C009ADAE5 /* SpeakerDataSource.swift */; };
		DAC5E3E21E1AC99D009ADAE5 /* FirebaseSpeakerDataSource.swift in Sources */ = {isa = PBXBuildFile; fileRef = DAC5E3E11E1AC99D009ADAE5 /* FirebaseSpeakerDataSource.swift */; };
		DAD449761E116D9500D37B14 /* CombinedSessionDataSource.swift in Sources */ = {isa = PBXBuildFile; fileRef = DAD449751E116D9500D37B14 /* CombinedSessionDataSource.swift */; };
		DAD449781E11729500D37B14 /* FirebaseStarsDataSource.swift in Sources */ = {isa = PBXBuildFile; fileRef = DAD449771E11729500D37B14 /* FirebaseStarsDataSource.swift */; };
		DAD4497A1E11736200D37B14 /* SessionStarsDataSource.swift in Sources */ = {isa = PBXBuildFile; fileRef = DAD449791E11736200D37B14 /* SessionStarsDataSource.swift */; };
		DAE039401DE63531009C859B /* ReusableItem.swift in Sources */ = {isa = PBXBuildFile; fileRef = DAE0393F1DE63531009C859B /* ReusableItem.swift */; };
		DAE039421DE7451D009C859B /* SessionViewModel.swift in Sources */ = {isa = PBXBuildFile; fileRef = DAE039411DE7451D009C859B /* SessionViewModel.swift */; };
		DAE039441DE74B05009C859B /* SpeakerViewModel.swift in Sources */ = {isa = PBXBuildFile; fileRef = DAE039431DE74B05009C859B /* SpeakerViewModel.swift */; };
		DAEA8E361E0DADB2007BA0A8 /* Dictionary+DevFest.swift in Sources */ = {isa = PBXBuildFile; fileRef = DAEA8E351E0DADB2007BA0A8 /* Dictionary+DevFest.swift */; };
		DAF42D8D1E3EFE1A00B87D1C /* Theme.swift in Sources */ = {isa = PBXBuildFile; fileRef = DAF42D8C1E3EFE1A00B87D1C /* Theme.swift */; };
/* End PBXBuildFile section */

/* Begin PBXContainerItemProxy section */
		DA2F3B5A1DE6219E00B2F8D2 /* PBXContainerItemProxy */ = {
			isa = PBXContainerItemProxy;
			containerPortal = DA2F3B3B1DE6219E00B2F8D2 /* Project object */;
			proxyType = 1;
			remoteGlobalIDString = DA2F3B421DE6219E00B2F8D2;
			remoteInfo = DevFest;
		};
		DA2F3B651DE6219E00B2F8D2 /* PBXContainerItemProxy */ = {
			isa = PBXContainerItemProxy;
			containerPortal = DA2F3B3B1DE6219E00B2F8D2 /* Project object */;
			proxyType = 1;
			remoteGlobalIDString = DA2F3B421DE6219E00B2F8D2;
			remoteInfo = DevFest;
		};
/* End PBXContainerItemProxy section */

/* Begin PBXFileReference section */
		08C7D294C836693B626DDFDD /* Pods-DevFest.release.xcconfig */ = {isa = PBXFileReference; includeInIndex = 1; lastKnownFileType = text.xcconfig; name = "Pods-DevFest.release.xcconfig"; path = "Pods/Target Support Files/Pods-DevFest/Pods-DevFest.release.xcconfig"; sourceTree = "<group>"; };
		0A14EDBA2C688733596A73F2 /* Pods_DevFest.framework */ = {isa = PBXFileReference; explicitFileType = wrapper.framework; includeInIndex = 0; path = Pods_DevFest.framework; sourceTree = BUILT_PRODUCTS_DIR; };
		44B7A161652000149F188A06 /* Pods-DevFest.debug.xcconfig */ = {isa = PBXFileReference; includeInIndex = 1; lastKnownFileType = text.xcconfig; name = "Pods-DevFest.debug.xcconfig"; path = "Pods/Target Support Files/Pods-DevFest/Pods-DevFest.debug.xcconfig"; sourceTree = "<group>"; };
		50050CDD42AE895A7E37635D /* Pods_DevFestUITests.framework */ = {isa = PBXFileReference; explicitFileType = wrapper.framework; includeInIndex = 0; path = Pods_DevFestUITests.framework; sourceTree = BUILT_PRODUCTS_DIR; };
		619073CF9611C120152EF986 /* Pods-DevFestUITests.release.xcconfig */ = {isa = PBXFileReference; includeInIndex = 1; lastKnownFileType = text.xcconfig; name = "Pods-DevFestUITests.release.xcconfig"; path = "Pods/Target Support Files/Pods-DevFestUITests/Pods-DevFestUITests.release.xcconfig"; sourceTree = "<group>"; };
		7689DC410F1BD5221DEB2F89 /* Pods-DevFestUITests.debug.xcconfig */ = {isa = PBXFileReference; includeInIndex = 1; lastKnownFileType = text.xcconfig; name = "Pods-DevFestUITests.debug.xcconfig"; path = "Pods/Target Support Files/Pods-DevFestUITests/Pods-DevFestUITests.debug.xcconfig"; sourceTree = "<group>"; };
		A46D1C92B90E6844E090B96E /* Pods-DevFestTests.debug.xcconfig */ = {isa = PBXFileReference; includeInIndex = 1; lastKnownFileType = text.xcconfig; name = "Pods-DevFestTests.debug.xcconfig"; path = "Pods/Target Support Files/Pods-DevFestTests/Pods-DevFestTests.debug.xcconfig"; sourceTree = "<group>"; };
		A81532637AEC2186DC08DFEC /* Pods-DevFestTests.release.xcconfig */ = {isa = PBXFileReference; includeInIndex = 1; lastKnownFileType = text.xcconfig; name = "Pods-DevFestTests.release.xcconfig"; path = "Pods/Target Support Files/Pods-DevFestTests/Pods-DevFestTests.release.xcconfig"; sourceTree = "<group>"; };
		DA0D742F1DEE13F0005F71B3 /* FlowLayoutContaining.swift */ = {isa = PBXFileReference; fileEncoding = 4; lastKnownFileType = sourcecode.swift; path = FlowLayoutContaining.swift; sourceTree = "<group>"; };
		DA0D74311DEE3581005F71B3 /* SpeakerTitleView.swift */ = {isa = PBXFileReference; fileEncoding = 4; lastKnownFileType = sourcecode.swift; path = SpeakerTitleView.swift; sourceTree = "<group>"; };
		DA118EE21E0B159B00DA2D8E /* GoogleService-Info.plist */ = {isa = PBXFileReference; fileEncoding = 4; lastKnownFileType = text.plist.xml; path = "GoogleService-Info.plist"; sourceTree = "<group>"; };
		DA118EE51E0B185600DA2D8E /* FirebaseCoordinator.swift */ = {isa = PBXFileReference; fileEncoding = 4; lastKnownFileType = sourcecode.swift; path = FirebaseCoordinator.swift; sourceTree = "<group>"; };
		DA118EE71E0B18F700DA2D8E /* FirebaseSessionDataSource.swift */ = {isa = PBXFileReference; fileEncoding = 4; lastKnownFileType = sourcecode.swift; path = FirebaseSessionDataSource.swift; sourceTree = "<group>"; };
		DA1340CC1E22E81D006912B4 /* SettingsViewController.swift */ = {isa = PBXFileReference; fileEncoding = 4; lastKnownFileType = sourcecode.swift; path = SettingsViewController.swift; sourceTree = "<group>"; };
		DA14F8811DE9ED7A0092F899 /* MapViewController.swift */ = {isa = PBXFileReference; fileEncoding = 4; lastKnownFileType = sourcecode.swift; path = MapViewController.swift; sourceTree = "<group>"; };
		DA192AE51E2D2D53000DDD30 /* SettingsCoordinator.swift */ = {isa = PBXFileReference; fileEncoding = 4; lastKnownFileType = sourcecode.swift; path = SettingsCoordinator.swift; sourceTree = "<group>"; };
		DA192AE81E2D7692000DDD30 /* ImageRepository.swift */ = {isa = PBXFileReference; fileEncoding = 4; lastKnownFileType = sourcecode.swift; path = ImageRepository.swift; sourceTree = "<group>"; };
		DA1AD5951E32EFC0003F4D37 /* StretchingImageHeaderContainer.swift */ = {isa = PBXFileReference; fileEncoding = 4; lastKnownFileType = sourcecode.swift; path = StretchingImageHeaderContainer.swift; sourceTree = "<group>"; };
		DA23804C1E3E8DE600D558A6 /* DevFest.entitlements */ = {isa = PBXFileReference; lastKnownFileType = text.plist.entitlements; path = DevFest.entitlements; sourceTree = "<group>"; };
		DA29EC5A1E32D79A001D8FF4 /* FaceDisplayingImageView.swift */ = {isa = PBXFileReference; fileEncoding = 4; lastKnownFileType = sourcecode.swift; path = FaceDisplayingImageView.swift; sourceTree = "<group>"; };
		DA29EC5B1E32D79A001D8FF4 /* ImageFaceDetector.swift */ = {isa = PBXFileReference; fileEncoding = 4; lastKnownFileType = sourcecode.swift; path = ImageFaceDetector.swift; sourceTree = "<group>"; };
		DA29EC5C1E32D79A001D8FF4 /* ImageHeaderView.swift */ = {isa = PBXFileReference; fileEncoding = 4; lastKnownFileType = sourcecode.swift; path = ImageHeaderView.swift; sourceTree = "<group>"; };
		DA2F3B431DE6219E00B2F8D2 /* DevFest.app */ = {isa = PBXFileReference; explicitFileType = wrapper.application; includeInIndex = 0; path = DevFest.app; sourceTree = BUILT_PRODUCTS_DIR; };
		DA2F3B461DE6219E00B2F8D2 /* AppDelegate.swift */ = {isa = PBXFileReference; lastKnownFileType = sourcecode.swift; path = AppDelegate.swift; sourceTree = "<group>"; };
		DA2F3B4D1DE6219E00B2F8D2 /* Base */ = {isa = PBXFileReference; lastKnownFileType = file.storyboard; name = Base; path = Base.lproj/Main.storyboard; sourceTree = "<group>"; };
		DA2F3B4F1DE6219E00B2F8D2 /* Assets.xcassets */ = {isa = PBXFileReference; lastKnownFileType = folder.assetcatalog; path = Assets.xcassets; sourceTree = "<group>"; };
		DA2F3B521DE6219E00B2F8D2 /* Base */ = {isa = PBXFileReference; lastKnownFileType = file.storyboard; name = Base; path = Base.lproj/LaunchScreen.storyboard; sourceTree = "<group>"; };
		DA2F3B541DE6219E00B2F8D2 /* Info.plist */ = {isa = PBXFileReference; lastKnownFileType = text.plist.xml; path = Info.plist; sourceTree = "<group>"; };
		DA2F3B591DE6219E00B2F8D2 /* DevFestTests.xctest */ = {isa = PBXFileReference; explicitFileType = wrapper.cfbundle; includeInIndex = 0; path = DevFestTests.xctest; sourceTree = BUILT_PRODUCTS_DIR; };
		DA2F3B5D1DE6219E00B2F8D2 /* DevFestTests.swift */ = {isa = PBXFileReference; lastKnownFileType = sourcecode.swift; path = DevFestTests.swift; sourceTree = "<group>"; };
		DA2F3B5F1DE6219E00B2F8D2 /* Info.plist */ = {isa = PBXFileReference; lastKnownFileType = text.plist.xml; path = Info.plist; sourceTree = "<group>"; };
		DA2F3B641DE6219E00B2F8D2 /* DevFestUITests.xctest */ = {isa = PBXFileReference; explicitFileType = wrapper.cfbundle; includeInIndex = 0; path = DevFestUITests.xctest; sourceTree = BUILT_PRODUCTS_DIR; };
		DA2F3B681DE6219E00B2F8D2 /* DevFestUITests.swift */ = {isa = PBXFileReference; lastKnownFileType = sourcecode.swift; path = DevFestUITests.swift; sourceTree = "<group>"; };
		DA2F3B6A1DE6219E00B2F8D2 /* Info.plist */ = {isa = PBXFileReference; lastKnownFileType = text.plist.xml; path = Info.plist; sourceTree = "<group>"; };
		DA2F3B781DE622C900B2F8D2 /* AppCoordinator.swift */ = {isa = PBXFileReference; fileEncoding = 4; lastKnownFileType = sourcecode.swift; path = AppCoordinator.swift; sourceTree = "<group>"; };
		DA2F3B7B1DE6247A00B2F8D2 /* SessionsViewController.swift */ = {isa = PBXFileReference; fileEncoding = 4; lastKnownFileType = sourcecode.swift; path = SessionsViewController.swift; sourceTree = "<group>"; };
		DA2F3B7D1DE6249E00B2F8D2 /* SessionCell.swift */ = {isa = PBXFileReference; fileEncoding = 4; lastKnownFileType = sourcecode.swift; path = SessionCell.swift; sourceTree = "<group>"; };
		DA2F3B7F1DE630A200B2F8D2 /* SessionHeaderCollectionReusableView.swift */ = {isa = PBXFileReference; fileEncoding = 4; lastKnownFileType = sourcecode.swift; path = SessionHeaderCollectionReusableView.swift; sourceTree = "<group>"; };
		DA2F3B821DE631DA00B2F8D2 /* SpeakersViewController.swift */ = {isa = PBXFileReference; fileEncoding = 4; lastKnownFileType = sourcecode.swift; path = SpeakersViewController.swift; sourceTree = "<group>"; };
		DA2F3B841DE632D600B2F8D2 /* SpeakerCell.swift */ = {isa = PBXFileReference; fileEncoding = 4; lastKnownFileType = sourcecode.swift; path = SpeakerCell.swift; sourceTree = "<group>"; };
		DA2FFAD11E3D449200E46787 /* PillButtonContainerView.swift */ = {isa = PBXFileReference; fileEncoding = 4; lastKnownFileType = sourcecode.swift; path = PillButtonContainerView.swift; sourceTree = "<group>"; };
		DA4029A61E2BFE85005E1861 /* SpeakerDetailViewController.swift */ = {isa = PBXFileReference; fileEncoding = 4; lastKnownFileType = sourcecode.swift; path = SpeakerDetailViewController.swift; sourceTree = "<group>"; };
		DA4029A81E2C10F0005E1861 /* Sessions.storyboard */ = {isa = PBXFileReference; fileEncoding = 4; lastKnownFileType = file.storyboard; name = Sessions.storyboard; path = Base.lproj/Sessions.storyboard; sourceTree = "<group>"; };
		DA4029AB1E2C1111005E1861 /* Base */ = {isa = PBXFileReference; lastKnownFileType = file.storyboard; name = Base; path = Base.lproj/Speakers.storyboard; sourceTree = "<group>"; };
		DA4029AE1E2C1179005E1861 /* Base */ = {isa = PBXFileReference; lastKnownFileType = file.storyboard; name = Base; path = Base.lproj/Settings.storyboard; sourceTree = "<group>"; };
		DA44A3A01DEB555D00186A16 /* AppearanceNotifier.swift */ = {isa = PBXFileReference; fileEncoding = 4; lastKnownFileType = sourcecode.swift; path = AppearanceNotifier.swift; sourceTree = "<group>"; };
		DA4902371DF4DC49006D6291 /* MapOverlayButton.swift */ = {isa = PBXFileReference; fileEncoding = 4; lastKnownFileType = sourcecode.swift; path = MapOverlayButton.swift; sourceTree = "<group>"; };
		DA6358371DEB50A100728D01 /* UIView+DevFest.swift */ = {isa = PBXFileReference; fileEncoding = 4; lastKnownFileType = sourcecode.swift; path = "UIView+DevFest.swift"; sourceTree = "<group>"; };
		DA7CB2431E2AC89900F26FF1 /* GoogleSignInViewController.swift */ = {isa = PBXFileReference; fileEncoding = 4; lastKnownFileType = sourcecode.swift; path = GoogleSignInViewController.swift; sourceTree = "<group>"; };
		DAA871DC1E3D50930000122D /* UIColor+DevFest.swift */ = {isa = PBXFileReference; fileEncoding = 4; lastKnownFileType = sourcecode.swift; path = "UIColor+DevFest.swift"; sourceTree = "<group>"; };
		DAB0C2261DEB8D4C006C97F1 /* SessionDetailViewController.swift */ = {isa = PBXFileReference; fileEncoding = 4; lastKnownFileType = sourcecode.swift; path = SessionDetailViewController.swift; sourceTree = "<group>"; };
		DAB0C2281DEBA264006C97F1 /* Appearance.swift */ = {isa = PBXFileReference; fileEncoding = 4; lastKnownFileType = sourcecode.swift; path = Appearance.swift; sourceTree = "<group>"; };
		DAB0C22A1DEBD12A006C97F1 /* SessionTitleView.swift */ = {isa = PBXFileReference; fileEncoding = 4; lastKnownFileType = sourcecode.swift; path = SessionTitleView.swift; sourceTree = "<group>"; };
		DAB0C22C1DEBD3F7006C97F1 /* DateFormatter+DevFest.swift */ = {isa = PBXFileReference; fileEncoding = 4; lastKnownFileType = sourcecode.swift; path = "DateFormatter+DevFest.swift"; sourceTree = "<group>"; };
		DAB47D6A1E0C27200000A127 /* SessionDataSource.swift */ = {isa = PBXFileReference; fileEncoding = 4; lastKnownFileType = sourcecode.swift; path = SessionDataSource.swift; sourceTree = "<group>"; };
		DAB47D6C1E0C274D0000A127 /* DataSource.swift */ = {isa = PBXFileReference; fileEncoding = 4; lastKnownFileType = sourcecode.swift; path = DataSource.swift; sourceTree = "<group>"; };
		DAC5E3DF1E1AC66C009ADAE5 /* SpeakerDataSource.swift */ = {isa = PBXFileReference; fileEncoding = 4; lastKnownFileType = sourcecode.swift; path = SpeakerDataSource.swift; sourceTree = "<group>"; };
		DAC5E3E11E1AC99D009ADAE5 /* FirebaseSpeakerDataSource.swift */ = {isa = PBXFileReference; fileEncoding = 4; lastKnownFileType = sourcecode.swift; path = FirebaseSpeakerDataSource.swift; sourceTree = "<group>"; };
		DAD449751E116D9500D37B14 /* CombinedSessionDataSource.swift */ = {isa = PBXFileReference; fileEncoding = 4; lastKnownFileType = sourcecode.swift; path = CombinedSessionDataSource.swift; sourceTree = "<group>"; };
		DAD449771E11729500D37B14 /* FirebaseStarsDataSource.swift */ = {isa = PBXFileReference; fileEncoding = 4; lastKnownFileType = sourcecode.swift; path = FirebaseStarsDataSource.swift; sourceTree = "<group>"; };
		DAD449791E11736200D37B14 /* SessionStarsDataSource.swift */ = {isa = PBXFileReference; fileEncoding = 4; lastKnownFileType = sourcecode.swift; path = SessionStarsDataSource.swift; sourceTree = "<group>"; };
		DAE0393F1DE63531009C859B /* ReusableItem.swift */ = {isa = PBXFileReference; fileEncoding = 4; lastKnownFileType = sourcecode.swift; path = ReusableItem.swift; sourceTree = "<group>"; };
		DAE039411DE7451D009C859B /* SessionViewModel.swift */ = {isa = PBXFileReference; fileEncoding = 4; lastKnownFileType = sourcecode.swift; path = SessionViewModel.swift; sourceTree = "<group>"; };
		DAE039431DE74B05009C859B /* SpeakerViewModel.swift */ = {isa = PBXFileReference; fileEncoding = 4; lastKnownFileType = sourcecode.swift; path = SpeakerViewModel.swift; sourceTree = "<group>"; };
		DAEA8E351E0DADB2007BA0A8 /* Dictionary+DevFest.swift */ = {isa = PBXFileReference; fileEncoding = 4; lastKnownFileType = sourcecode.swift; path = "Dictionary+DevFest.swift"; sourceTree = "<group>"; };
		DAF42D8C1E3EFE1A00B87D1C /* Theme.swift */ = {isa = PBXFileReference; fileEncoding = 4; lastKnownFileType = sourcecode.swift; path = Theme.swift; sourceTree = "<group>"; };
		E8FD5882F63F51F7CACE41A8 /* Pods_DevFestTests.framework */ = {isa = PBXFileReference; explicitFileType = wrapper.framework; includeInIndex = 0; path = Pods_DevFestTests.framework; sourceTree = BUILT_PRODUCTS_DIR; };
/* End PBXFileReference section */

/* Begin PBXFrameworksBuildPhase section */
		DA2F3B401DE6219E00B2F8D2 /* Frameworks */ = {
			isa = PBXFrameworksBuildPhase;
			buildActionMask = 2147483647;
			files = (
				254E2DBEE76B4419B31FDF2E /* Pods_DevFest.framework in Frameworks */,
			);
			runOnlyForDeploymentPostprocessing = 0;
		};
		DA2F3B561DE6219E00B2F8D2 /* Frameworks */ = {
			isa = PBXFrameworksBuildPhase;
			buildActionMask = 2147483647;
			files = (
				3B738874BE8509034437C61C /* Pods_DevFestTests.framework in Frameworks */,
			);
			runOnlyForDeploymentPostprocessing = 0;
		};
		DA2F3B611DE6219E00B2F8D2 /* Frameworks */ = {
			isa = PBXFrameworksBuildPhase;
			buildActionMask = 2147483647;
			files = (
				2ECAE7DE92F81F7795741967 /* Pods_DevFestUITests.framework in Frameworks */,
			);
			runOnlyForDeploymentPostprocessing = 0;
		};
/* End PBXFrameworksBuildPhase section */

/* Begin PBXGroup section */
		9A6835CFC7B783A3AD715FB1 /* Pods */ = {
			isa = PBXGroup;
			children = (
				44B7A161652000149F188A06 /* Pods-DevFest.debug.xcconfig */,
				08C7D294C836693B626DDFDD /* Pods-DevFest.release.xcconfig */,
				A46D1C92B90E6844E090B96E /* Pods-DevFestTests.debug.xcconfig */,
				A81532637AEC2186DC08DFEC /* Pods-DevFestTests.release.xcconfig */,
				7689DC410F1BD5221DEB2F89 /* Pods-DevFestUITests.debug.xcconfig */,
				619073CF9611C120152EF986 /* Pods-DevFestUITests.release.xcconfig */,
			);
			name = Pods;
			sourceTree = "<group>";
		};
		DA118EE41E0B182A00DA2D8E /* Firebase */ = {
			isa = PBXGroup;
			children = (
				DA118EE51E0B185600DA2D8E /* FirebaseCoordinator.swift */,
				DA118EE71E0B18F700DA2D8E /* FirebaseSessionDataSource.swift */,
				DAC5E3E11E1AC99D009ADAE5 /* FirebaseSpeakerDataSource.swift */,
				DAD449771E11729500D37B14 /* FirebaseStarsDataSource.swift */,
			);
			path = Firebase;
			sourceTree = "<group>";
		};
		DA1340CB1E22E802006912B4 /* Settings */ = {
			isa = PBXGroup;
			children = (
				DA7CB2431E2AC89900F26FF1 /* GoogleSignInViewController.swift */,
				DA192AE51E2D2D53000DDD30 /* SettingsCoordinator.swift */,
				DA1340CC1E22E81D006912B4 /* SettingsViewController.swift */,
			);
			path = Settings;
			sourceTree = "<group>";
		};
		DA29EC591E32D779001D8FF4 /* Face Detection */ = {
			isa = PBXGroup;
			children = (
				DA29EC5A1E32D79A001D8FF4 /* FaceDisplayingImageView.swift */,
				DA29EC5B1E32D79A001D8FF4 /* ImageFaceDetector.swift */,
				DA29EC5C1E32D79A001D8FF4 /* ImageHeaderView.swift */,
				DA1AD5951E32EFC0003F4D37 /* StretchingImageHeaderContainer.swift */,
			);
			path = "Face Detection";
			sourceTree = "<group>";
		};
		DA2F3B3A1DE6219E00B2F8D2 = {
			isa = PBXGroup;
			children = (
				DA2F3B451DE6219E00B2F8D2 /* DevFest */,
				DA2F3B5C1DE6219E00B2F8D2 /* DevFestTests */,
				DA2F3B671DE6219E00B2F8D2 /* DevFestUITests */,
				DA2F3B441DE6219E00B2F8D2 /* Products */,
				9A6835CFC7B783A3AD715FB1 /* Pods */,
				E4FE44C2071E25522234390B /* Frameworks */,
			);
			sourceTree = "<group>";
		};
		DA2F3B441DE6219E00B2F8D2 /* Products */ = {
			isa = PBXGroup;
			children = (
				DA2F3B431DE6219E00B2F8D2 /* DevFest.app */,
				DA2F3B591DE6219E00B2F8D2 /* DevFestTests.xctest */,
				DA2F3B641DE6219E00B2F8D2 /* DevFestUITests.xctest */,
			);
			name = Products;
			sourceTree = "<group>";
		};
		DA2F3B451DE6219E00B2F8D2 /* DevFest */ = {
			isa = PBXGroup;
			children = (
				DA23804C1E3E8DE600D558A6 /* DevFest.entitlements */,
				DA44A39D1DEB548700186A16 /* Appearance */,
				DA29EC591E32D779001D8FF4 /* Face Detection */,
				DA118EE41E0B182A00DA2D8E /* Firebase */,
				DA2F3B7A1DE6246200B2F8D2 /* Sessions */,
				DA1340CB1E22E802006912B4 /* Settings */,
				DA2F3B811DE631BC00B2F8D2 /* Speakers */,
				DAEA8E351E0DADB2007BA0A8 /* Dictionary+DevFest.swift */,
				DA2F3B461DE6219E00B2F8D2 /* AppDelegate.swift */,
				DA2F3B781DE622C900B2F8D2 /* AppCoordinator.swift */,
				DAB47D6C1E0C274D0000A127 /* DataSource.swift */,
				DA0D742F1DEE13F0005F71B3 /* FlowLayoutContaining.swift */,
				DA192AE81E2D7692000DDD30 /* ImageRepository.swift */,
				DA4902371DF4DC49006D6291 /* MapOverlayButton.swift */,
				DA14F8811DE9ED7A0092F899 /* MapViewController.swift */,
				DAE0393F1DE63531009C859B /* ReusableItem.swift */,
				DAA871DC1E3D50930000122D /* UIColor+DevFest.swift */,
				DA6358371DEB50A100728D01 /* UIView+DevFest.swift */,
				DA2F3B4C1DE6219E00B2F8D2 /* Main.storyboard */,
				DA4029A81E2C10F0005E1861 /* Sessions.storyboard */,
				DA4029AD1E2C1179005E1861 /* Settings.storyboard */,
				DA4029AA1E2C1111005E1861 /* Speakers.storyboard */,
				DA2F3B4F1DE6219E00B2F8D2 /* Assets.xcassets */,
				DA2F3B511DE6219E00B2F8D2 /* LaunchScreen.storyboard */,
				DA2F3B541DE6219E00B2F8D2 /* Info.plist */,
				DA118EE21E0B159B00DA2D8E /* GoogleService-Info.plist */,
			);
			path = DevFest;
			sourceTree = "<group>";
		};
		DA2F3B5C1DE6219E00B2F8D2 /* DevFestTests */ = {
			isa = PBXGroup;
			children = (
				DA2F3B5D1DE6219E00B2F8D2 /* DevFestTests.swift */,
				DA2F3B5F1DE6219E00B2F8D2 /* Info.plist */,
			);
			path = DevFestTests;
			sourceTree = "<group>";
		};
		DA2F3B671DE6219E00B2F8D2 /* DevFestUITests */ = {
			isa = PBXGroup;
			children = (
				DA2F3B681DE6219E00B2F8D2 /* DevFestUITests.swift */,
				DA2F3B6A1DE6219E00B2F8D2 /* Info.plist */,
			);
			path = DevFestUITests;
			sourceTree = "<group>";
		};
		DA2F3B7A1DE6246200B2F8D2 /* Sessions */ = {
			isa = PBXGroup;
			children = (
				DAD449751E116D9500D37B14 /* CombinedSessionDataSource.swift */,
				DAB47D6A1E0C27200000A127 /* SessionDataSource.swift */,
				DAD449791E11736200D37B14 /* SessionStarsDataSource.swift */,
				DA2F3B7D1DE6249E00B2F8D2 /* SessionCell.swift */,
				DAB0C2261DEB8D4C006C97F1 /* SessionDetailViewController.swift */,
				DA2F3B7F1DE630A200B2F8D2 /* SessionHeaderCollectionReusableView.swift */,
				DA2F3B7B1DE6247A00B2F8D2 /* SessionsViewController.swift */,
				DAB0C22A1DEBD12A006C97F1 /* SessionTitleView.swift */,
				DAE039411DE7451D009C859B /* SessionViewModel.swift */,
			);
			path = Sessions;
			sourceTree = "<group>";
		};
		DA2F3B811DE631BC00B2F8D2 /* Speakers */ = {
			isa = PBXGroup;
			children = (
				DA2F3B841DE632D600B2F8D2 /* SpeakerCell.swift */,
				DAC5E3DF1E1AC66C009ADAE5 /* SpeakerDataSource.swift */,
				DA4029A61E2BFE85005E1861 /* SpeakerDetailViewController.swift */,
				DA2F3B821DE631DA00B2F8D2 /* SpeakersViewController.swift */,
				DA0D74311DEE3581005F71B3 /* SpeakerTitleView.swift */,
				DAE039431DE74B05009C859B /* SpeakerViewModel.swift */,
			);
			path = Speakers;
			sourceTree = "<group>";
		};
		DA44A39D1DEB548700186A16 /* Appearance */ = {
			isa = PBXGroup;
			children = (
				DAB0C2281DEBA264006C97F1 /* Appearance.swift */,
				DA44A3A01DEB555D00186A16 /* AppearanceNotifier.swift */,
				DA2FFAD11E3D449200E46787 /* PillButtonContainerView.swift */,
				DAB0C22C1DEBD3F7006C97F1 /* DateFormatter+DevFest.swift */,
				DAF42D8C1E3EFE1A00B87D1C /* Theme.swift */,
			);
			path = Appearance;
			sourceTree = "<group>";
		};
		E4FE44C2071E25522234390B /* Frameworks */ = {
			isa = PBXGroup;
			children = (
				0A14EDBA2C688733596A73F2 /* Pods_DevFest.framework */,
				E8FD5882F63F51F7CACE41A8 /* Pods_DevFestTests.framework */,
				50050CDD42AE895A7E37635D /* Pods_DevFestUITests.framework */,
			);
			name = Frameworks;
			sourceTree = "<group>";
		};
/* End PBXGroup section */

/* Begin PBXNativeTarget section */
		DA2F3B421DE6219E00B2F8D2 /* DevFest */ = {
			isa = PBXNativeTarget;
			buildConfigurationList = DA2F3B6D1DE6219E00B2F8D2 /* Build configuration list for PBXNativeTarget "DevFest" */;
			buildPhases = (
				C085DEFE0C8FA81739AF005D /* [CP] Check Pods Manifest.lock */,
				DA2F3B3F1DE6219E00B2F8D2 /* Sources */,
				DA2F3B401DE6219E00B2F8D2 /* Frameworks */,
				DA2F3B411DE6219E00B2F8D2 /* Resources */,
				40E22652B4ED9892F994E98B /* [CP] Embed Pods Frameworks */,
				DE51443FB83C4683D130C06E /* [CP] Copy Pods Resources */,
			);
			buildRules = (
			);
			dependencies = (
			);
			name = DevFest;
			productName = DevFest;
			productReference = DA2F3B431DE6219E00B2F8D2 /* DevFest.app */;
			productType = "com.apple.product-type.application";
		};
		DA2F3B581DE6219E00B2F8D2 /* DevFestTests */ = {
			isa = PBXNativeTarget;
			buildConfigurationList = DA2F3B701DE6219E00B2F8D2 /* Build configuration list for PBXNativeTarget "DevFestTests" */;
			buildPhases = (
				230F563A3005973B686E4550 /* [CP] Check Pods Manifest.lock */,
				DA2F3B551DE6219E00B2F8D2 /* Sources */,
				DA2F3B561DE6219E00B2F8D2 /* Frameworks */,
				DA2F3B571DE6219E00B2F8D2 /* Resources */,
				CFF62119E583301431E490F6 /* [CP] Embed Pods Frameworks */,
				0F46EABE3DD77614FB8CAB02 /* [CP] Copy Pods Resources */,
			);
			buildRules = (
			);
			dependencies = (
				DA2F3B5B1DE6219E00B2F8D2 /* PBXTargetDependency */,
			);
			name = DevFestTests;
			productName = DevFestTests;
			productReference = DA2F3B591DE6219E00B2F8D2 /* DevFestTests.xctest */;
			productType = "com.apple.product-type.bundle.unit-test";
		};
		DA2F3B631DE6219E00B2F8D2 /* DevFestUITests */ = {
			isa = PBXNativeTarget;
			buildConfigurationList = DA2F3B731DE6219E00B2F8D2 /* Build configuration list for PBXNativeTarget "DevFestUITests" */;
			buildPhases = (
				4A050DF8ADFB2CE3C8449CDB /* [CP] Check Pods Manifest.lock */,
				DA2F3B601DE6219E00B2F8D2 /* Sources */,
				DA2F3B611DE6219E00B2F8D2 /* Frameworks */,
				DA2F3B621DE6219E00B2F8D2 /* Resources */,
				7C81D85534AC00798A94898D /* [CP] Copy Pods Resources */,
				81CC5E17DE5CBF8C28A2D126 /* [CP] Embed Pods Frameworks */,
			);
			buildRules = (
			);
			dependencies = (
				DA2F3B661DE6219E00B2F8D2 /* PBXTargetDependency */,
			);
			name = DevFestUITests;
			productName = DevFestUITests;
			productReference = DA2F3B641DE6219E00B2F8D2 /* DevFestUITests.xctest */;
			productType = "com.apple.product-type.bundle.ui-testing";
		};
/* End PBXNativeTarget section */

/* Begin PBXProject section */
		DA2F3B3B1DE6219E00B2F8D2 /* Project object */ = {
			isa = PBXProject;
			attributes = {
				LastSwiftUpdateCheck = 0810;
				LastUpgradeCheck = 0820;
				ORGANIZATIONNAME = GDGConferenceApp;
				TargetAttributes = {
					DA2F3B421DE6219E00B2F8D2 = {
						CreatedOnToolsVersion = 8.1;
						DevelopmentTeam = A7VP3P27VW;
						ProvisioningStyle = Automatic;
						SystemCapabilities = {
							com.apple.Push = {
								enabled = 1;
							};
						};
					};
					DA2F3B581DE6219E00B2F8D2 = {
						CreatedOnToolsVersion = 8.1;
						ProvisioningStyle = Automatic;
						TestTargetID = DA2F3B421DE6219E00B2F8D2;
					};
					DA2F3B631DE6219E00B2F8D2 = {
						CreatedOnToolsVersion = 8.1;
						ProvisioningStyle = Automatic;
						TestTargetID = DA2F3B421DE6219E00B2F8D2;
					};
				};
			};
			buildConfigurationList = DA2F3B3E1DE6219E00B2F8D2 /* Build configuration list for PBXProject "DevFest" */;
			compatibilityVersion = "Xcode 3.2";
			developmentRegion = English;
			hasScannedForEncodings = 0;
			knownRegions = (
				en,
				Base,
			);
			mainGroup = DA2F3B3A1DE6219E00B2F8D2;
			productRefGroup = DA2F3B441DE6219E00B2F8D2 /* Products */;
			projectDirPath = "";
			projectRoot = "";
			targets = (
				DA2F3B421DE6219E00B2F8D2 /* DevFest */,
				DA2F3B581DE6219E00B2F8D2 /* DevFestTests */,
				DA2F3B631DE6219E00B2F8D2 /* DevFestUITests */,
			);
		};
/* End PBXProject section */

/* Begin PBXResourcesBuildPhase section */
		DA2F3B411DE6219E00B2F8D2 /* Resources */ = {
			isa = PBXResourcesBuildPhase;
			buildActionMask = 2147483647;
			files = (
				DA4029AC1E2C1111005E1861 /* Speakers.storyboard in Resources */,
				DA2F3B531DE6219E00B2F8D2 /* LaunchScreen.storyboard in Resources */,
				DA118EE31E0B159B00DA2D8E /* GoogleService-Info.plist in Resources */,
				DA2F3B501DE6219E00B2F8D2 /* Assets.xcassets in Resources */,
				DA2F3B4E1DE6219E00B2F8D2 /* Main.storyboard in Resources */,
				DA4029A91E2C10F0005E1861 /* Sessions.storyboard in Resources */,
				DA4029AF1E2C1179005E1861 /* Settings.storyboard in Resources */,
			);
			runOnlyForDeploymentPostprocessing = 0;
		};
		DA2F3B571DE6219E00B2F8D2 /* Resources */ = {
			isa = PBXResourcesBuildPhase;
			buildActionMask = 2147483647;
			files = (
			);
			runOnlyForDeploymentPostprocessing = 0;
		};
		DA2F3B621DE6219E00B2F8D2 /* Resources */ = {
			isa = PBXResourcesBuildPhase;
			buildActionMask = 2147483647;
			files = (
			);
			runOnlyForDeploymentPostprocessing = 0;
		};
/* End PBXResourcesBuildPhase section */

/* Begin PBXShellScriptBuildPhase section */
		0F46EABE3DD77614FB8CAB02 /* [CP] Copy Pods Resources */ = {
			isa = PBXShellScriptBuildPhase;
			buildActionMask = 2147483647;
			files = (
			);
			inputPaths = (
			);
			name = "[CP] Copy Pods Resources";
			outputPaths = (
			);
			runOnlyForDeploymentPostprocessing = 0;
			shellPath = /bin/sh;
			shellScript = "\"${SRCROOT}/Pods/Target Support Files/Pods-DevFestTests/Pods-DevFestTests-resources.sh\"\n";
			showEnvVarsInLog = 0;
		};
		230F563A3005973B686E4550 /* [CP] Check Pods Manifest.lock */ = {
			isa = PBXShellScriptBuildPhase;
			buildActionMask = 2147483647;
			files = (
			);
			inputPaths = (
			);
			name = "[CP] Check Pods Manifest.lock";
			outputPaths = (
			);
			runOnlyForDeploymentPostprocessing = 0;
			shellPath = /bin/sh;
			shellScript = "diff \"${PODS_ROOT}/../Podfile.lock\" \"${PODS_ROOT}/Manifest.lock\" > /dev/null\nif [ $? != 0 ] ; then\n    # print error to STDERR\n    echo \"error: The sandbox is not in sync with the Podfile.lock. Run 'pod install' or update your CocoaPods installation.\" >&2\n    exit 1\nfi\n";
			showEnvVarsInLog = 0;
		};
		40E22652B4ED9892F994E98B /* [CP] Embed Pods Frameworks */ = {
			isa = PBXShellScriptBuildPhase;
			buildActionMask = 2147483647;
			files = (
			);
			inputPaths = (
			);
			name = "[CP] Embed Pods Frameworks";
			outputPaths = (
			);
			runOnlyForDeploymentPostprocessing = 0;
			shellPath = /bin/sh;
			shellScript = "\"${SRCROOT}/Pods/Target Support Files/Pods-DevFest/Pods-DevFest-frameworks.sh\"\n";
			showEnvVarsInLog = 0;
		};
		4A050DF8ADFB2CE3C8449CDB /* [CP] Check Pods Manifest.lock */ = {
			isa = PBXShellScriptBuildPhase;
			buildActionMask = 2147483647;
			files = (
			);
			inputPaths = (
			);
			name = "[CP] Check Pods Manifest.lock";
			outputPaths = (
			);
			runOnlyForDeploymentPostprocessing = 0;
			shellPath = /bin/sh;
			shellScript = "diff \"${PODS_ROOT}/../Podfile.lock\" \"${PODS_ROOT}/Manifest.lock\" > /dev/null\nif [ $? != 0 ] ; then\n    # print error to STDERR\n    echo \"error: The sandbox is not in sync with the Podfile.lock. Run 'pod install' or update your CocoaPods installation.\" >&2\n    exit 1\nfi\n";
			showEnvVarsInLog = 0;
		};
		7C81D85534AC00798A94898D /* [CP] Copy Pods Resources */ = {
			isa = PBXShellScriptBuildPhase;
			buildActionMask = 2147483647;
			files = (
			);
			inputPaths = (
			);
			name = "[CP] Copy Pods Resources";
			outputPaths = (
			);
			runOnlyForDeploymentPostprocessing = 0;
			shellPath = /bin/sh;
			shellScript = "\"${SRCROOT}/Pods/Target Support Files/Pods-DevFestUITests/Pods-DevFestUITests-resources.sh\"\n";
			showEnvVarsInLog = 0;
		};
		81CC5E17DE5CBF8C28A2D126 /* [CP] Embed Pods Frameworks */ = {
			isa = PBXShellScriptBuildPhase;
			buildActionMask = 2147483647;
			files = (
			);
			inputPaths = (
			);
			name = "[CP] Embed Pods Frameworks";
			outputPaths = (
			);
			runOnlyForDeploymentPostprocessing = 0;
			shellPath = /bin/sh;
			shellScript = "\"${SRCROOT}/Pods/Target Support Files/Pods-DevFestUITests/Pods-DevFestUITests-frameworks.sh\"\n";
			showEnvVarsInLog = 0;
		};
		C085DEFE0C8FA81739AF005D /* [CP] Check Pods Manifest.lock */ = {
			isa = PBXShellScriptBuildPhase;
			buildActionMask = 2147483647;
			files = (
			);
			inputPaths = (
			);
			name = "[CP] Check Pods Manifest.lock";
			outputPaths = (
			);
			runOnlyForDeploymentPostprocessing = 0;
			shellPath = /bin/sh;
			shellScript = "diff \"${PODS_ROOT}/../Podfile.lock\" \"${PODS_ROOT}/Manifest.lock\" > /dev/null\nif [ $? != 0 ] ; then\n    # print error to STDERR\n    echo \"error: The sandbox is not in sync with the Podfile.lock. Run 'pod install' or update your CocoaPods installation.\" >&2\n    exit 1\nfi\n";
			showEnvVarsInLog = 0;
		};
		CFF62119E583301431E490F6 /* [CP] Embed Pods Frameworks */ = {
			isa = PBXShellScriptBuildPhase;
			buildActionMask = 2147483647;
			files = (
			);
			inputPaths = (
			);
			name = "[CP] Embed Pods Frameworks";
			outputPaths = (
			);
			runOnlyForDeploymentPostprocessing = 0;
			shellPath = /bin/sh;
			shellScript = "\"${SRCROOT}/Pods/Target Support Files/Pods-DevFestTests/Pods-DevFestTests-frameworks.sh\"\n";
			showEnvVarsInLog = 0;
		};
		DE51443FB83C4683D130C06E /* [CP] Copy Pods Resources */ = {
			isa = PBXShellScriptBuildPhase;
			buildActionMask = 2147483647;
			files = (
			);
			inputPaths = (
			);
			name = "[CP] Copy Pods Resources";
			outputPaths = (
			);
			runOnlyForDeploymentPostprocessing = 0;
			shellPath = /bin/sh;
			shellScript = "\"${SRCROOT}/Pods/Target Support Files/Pods-DevFest/Pods-DevFest-resources.sh\"\n";
			showEnvVarsInLog = 0;
		};
/* End PBXShellScriptBuildPhase section */

/* Begin PBXSourcesBuildPhase section */
		DA2F3B3F1DE6219E00B2F8D2 /* Sources */ = {
			isa = PBXSourcesBuildPhase;
			buildActionMask = 2147483647;
			files = (
				DA29EC5E1E32D79A001D8FF4 /* ImageFaceDetector.swift in Sources */,
				DAD449781E11729500D37B14 /* FirebaseStarsDataSource.swift in Sources */,
				DA29EC5D1E32D79A001D8FF4 /* FaceDisplayingImageView.swift in Sources */,
				DA6358381DEB50A100728D01 /* UIView+DevFest.swift in Sources */,
				DA14F8821DE9ED7A0092F899 /* MapViewController.swift in Sources */,
				DAD4497A1E11736200D37B14 /* SessionStarsDataSource.swift in Sources */,
				DAB0C22D1DEBD3F7006C97F1 /* DateFormatter+DevFest.swift in Sources */,
				DAD449761E116D9500D37B14 /* CombinedSessionDataSource.swift in Sources */,
				DAE039441DE74B05009C859B /* SpeakerViewModel.swift in Sources */,
				DA2F3B7E1DE6249E00B2F8D2 /* SessionCell.swift in Sources */,
				DA0D74321DEE3581005F71B3 /* SpeakerTitleView.swift in Sources */,
				DAB47D6D1E0C274D0000A127 /* DataSource.swift in Sources */,
				DAA871DD1E3D50930000122D /* UIColor+DevFest.swift in Sources */,
				DAB47D6B1E0C27200000A127 /* SessionDataSource.swift in Sources */,
				DA1AD5961E32EFC0003F4D37 /* StretchingImageHeaderContainer.swift in Sources */,
				DA118EE81E0B18F700DA2D8E /* FirebaseSessionDataSource.swift in Sources */,
				DAE039421DE7451D009C859B /* SessionViewModel.swift in Sources */,
				DA2F3B791DE622C900B2F8D2 /* AppCoordinator.swift in Sources */,
				DA2F3B7C1DE6247A00B2F8D2 /* SessionsViewController.swift in Sources */,
				DA118EE61E0B185600DA2D8E /* FirebaseCoordinator.swift in Sources */,
				DA4029A71E2BFE85005E1861 /* SpeakerDetailViewController.swift in Sources */,
				DAC5E3E01E1AC66C009ADAE5 /* SpeakerDataSource.swift in Sources */,
				DA44A3A11DEB555D00186A16 /* AppearanceNotifier.swift in Sources */,
				DA2F3B801DE630A200B2F8D2 /* SessionHeaderCollectionReusableView.swift in Sources */,
				DAC5E3E21E1AC99D009ADAE5 /* FirebaseSpeakerDataSource.swift in Sources */,
				DA1340CD1E22E81D006912B4 /* SettingsViewController.swift in Sources */,
				DAB0C22B1DEBD12A006C97F1 /* SessionTitleView.swift in Sources */,
				DAF42D8D1E3EFE1A00B87D1C /* Theme.swift in Sources */,
				DA2F3B831DE631DA00B2F8D2 /* SpeakersViewController.swift in Sources */,
				DA4902381DF4DC49006D6291 /* MapOverlayButton.swift in Sources */,
				DA0D74301DEE13F0005F71B3 /* FlowLayoutContaining.swift in Sources */,
				DA7CB2441E2AC89900F26FF1 /* GoogleSignInViewController.swift in Sources */,
				DA192AE91E2D7692000DDD30 /* ImageRepository.swift in Sources */,
				DA2F3B471DE6219E00B2F8D2 /* AppDelegate.swift in Sources */,
				DA2F3B851DE632D600B2F8D2 /* SpeakerCell.swift in Sources */,
				DA192AE61E2D2D53000DDD30 /* SettingsCoordinator.swift in Sources */,
				DA29EC5F1E32D79A001D8FF4 /* ImageHeaderView.swift in Sources */,
				DAB0C2291DEBA264006C97F1 /* Appearance.swift in Sources */,
				DA2FFAD21E3D449200E46787 /* PillButtonContainerView.swift in Sources */,
				DAB0C2271DEB8D4C006C97F1 /* SessionDetailViewController.swift in Sources */,
				DAEA8E361E0DADB2007BA0A8 /* Dictionary+DevFest.swift in Sources */,
				DAE039401DE63531009C859B /* ReusableItem.swift in Sources */,
			);
			runOnlyForDeploymentPostprocessing = 0;
		};
		DA2F3B551DE6219E00B2F8D2 /* Sources */ = {
			isa = PBXSourcesBuildPhase;
			buildActionMask = 2147483647;
			files = (
				DA2F3B5E1DE6219E00B2F8D2 /* DevFestTests.swift in Sources */,
			);
			runOnlyForDeploymentPostprocessing = 0;
		};
		DA2F3B601DE6219E00B2F8D2 /* Sources */ = {
			isa = PBXSourcesBuildPhase;
			buildActionMask = 2147483647;
			files = (
				DA2F3B691DE6219E00B2F8D2 /* DevFestUITests.swift in Sources */,
			);
			runOnlyForDeploymentPostprocessing = 0;
		};
/* End PBXSourcesBuildPhase section */

/* Begin PBXTargetDependency section */
		DA2F3B5B1DE6219E00B2F8D2 /* PBXTargetDependency */ = {
			isa = PBXTargetDependency;
			target = DA2F3B421DE6219E00B2F8D2 /* DevFest */;
			targetProxy = DA2F3B5A1DE6219E00B2F8D2 /* PBXContainerItemProxy */;
		};
		DA2F3B661DE6219E00B2F8D2 /* PBXTargetDependency */ = {
			isa = PBXTargetDependency;
			target = DA2F3B421DE6219E00B2F8D2 /* DevFest */;
			targetProxy = DA2F3B651DE6219E00B2F8D2 /* PBXContainerItemProxy */;
		};
/* End PBXTargetDependency section */

/* Begin PBXVariantGroup section */
		DA2F3B4C1DE6219E00B2F8D2 /* Main.storyboard */ = {
			isa = PBXVariantGroup;
			children = (
				DA2F3B4D1DE6219E00B2F8D2 /* Base */,
			);
			name = Main.storyboard;
			sourceTree = "<group>";
		};
		DA2F3B511DE6219E00B2F8D2 /* LaunchScreen.storyboard */ = {
			isa = PBXVariantGroup;
			children = (
				DA2F3B521DE6219E00B2F8D2 /* Base */,
			);
			name = LaunchScreen.storyboard;
			sourceTree = "<group>";
		};
		DA4029AA1E2C1111005E1861 /* Speakers.storyboard */ = {
			isa = PBXVariantGroup;
			children = (
				DA4029AB1E2C1111005E1861 /* Base */,
			);
			name = Speakers.storyboard;
			sourceTree = "<group>";
		};
		DA4029AD1E2C1179005E1861 /* Settings.storyboard */ = {
			isa = PBXVariantGroup;
			children = (
				DA4029AE1E2C1179005E1861 /* Base */,
			);
			name = Settings.storyboard;
			sourceTree = "<group>";
		};
/* End PBXVariantGroup section */

/* Begin XCBuildConfiguration section */
		DA2F3B6B1DE6219E00B2F8D2 /* Debug */ = {
			isa = XCBuildConfiguration;
			buildSettings = {
				ALWAYS_SEARCH_USER_PATHS = NO;
				CLANG_ANALYZER_NONNULL = YES;
				CLANG_CXX_LANGUAGE_STANDARD = "gnu++0x";
				CLANG_CXX_LIBRARY = "libc++";
				CLANG_ENABLE_MODULES = YES;
				CLANG_ENABLE_OBJC_ARC = YES;
				CLANG_WARN_BOOL_CONVERSION = YES;
				CLANG_WARN_CONSTANT_CONVERSION = YES;
				CLANG_WARN_DIRECT_OBJC_ISA_USAGE = YES_ERROR;
				CLANG_WARN_DOCUMENTATION_COMMENTS = YES;
				CLANG_WARN_EMPTY_BODY = YES;
				CLANG_WARN_ENUM_CONVERSION = YES;
				CLANG_WARN_INFINITE_RECURSION = YES;
				CLANG_WARN_INT_CONVERSION = YES;
				CLANG_WARN_OBJC_ROOT_CLASS = YES_ERROR;
				CLANG_WARN_SUSPICIOUS_MOVE = YES;
				CLANG_WARN_SUSPICIOUS_MOVES = YES;
				CLANG_WARN_UNREACHABLE_CODE = YES;
				CLANG_WARN__DUPLICATE_METHOD_MATCH = YES;
				"CODE_SIGN_IDENTITY[sdk=iphoneos*]" = "iPhone Developer";
				COPY_PHASE_STRIP = NO;
				DEBUG_INFORMATION_FORMAT = dwarf;
				ENABLE_STRICT_OBJC_MSGSEND = YES;
				ENABLE_TESTABILITY = YES;
				GCC_C_LANGUAGE_STANDARD = gnu99;
				GCC_DYNAMIC_NO_PIC = NO;
				GCC_NO_COMMON_BLOCKS = YES;
				GCC_OPTIMIZATION_LEVEL = 0;
				GCC_PREPROCESSOR_DEFINITIONS = (
					"DEBUG=1",
					"$(inherited)",
				);
				GCC_WARN_64_TO_32_BIT_CONVERSION = YES;
				GCC_WARN_ABOUT_RETURN_TYPE = YES_ERROR;
				GCC_WARN_UNDECLARED_SELECTOR = YES;
				GCC_WARN_UNINITIALIZED_AUTOS = YES_AGGRESSIVE;
				GCC_WARN_UNUSED_FUNCTION = YES;
				GCC_WARN_UNUSED_VARIABLE = YES;
				IPHONEOS_DEPLOYMENT_TARGET = 10.2;
				MTL_ENABLE_DEBUG_INFO = YES;
				ONLY_ACTIVE_ARCH = YES;
				SDKROOT = iphoneos;
				SWIFT_ACTIVE_COMPILATION_CONDITIONS = DEBUG;
				SWIFT_OPTIMIZATION_LEVEL = "-Onone";
				TARGETED_DEVICE_FAMILY = "1,2";
			};
			name = Debug;
		};
		DA2F3B6C1DE6219E00B2F8D2 /* Release */ = {
			isa = XCBuildConfiguration;
			buildSettings = {
				ALWAYS_SEARCH_USER_PATHS = NO;
				CLANG_ANALYZER_NONNULL = YES;
				CLANG_CXX_LANGUAGE_STANDARD = "gnu++0x";
				CLANG_CXX_LIBRARY = "libc++";
				CLANG_ENABLE_MODULES = YES;
				CLANG_ENABLE_OBJC_ARC = YES;
				CLANG_WARN_BOOL_CONVERSION = YES;
				CLANG_WARN_CONSTANT_CONVERSION = YES;
				CLANG_WARN_DIRECT_OBJC_ISA_USAGE = YES_ERROR;
				CLANG_WARN_DOCUMENTATION_COMMENTS = YES;
				CLANG_WARN_EMPTY_BODY = YES;
				CLANG_WARN_ENUM_CONVERSION = YES;
				CLANG_WARN_INFINITE_RECURSION = YES;
				CLANG_WARN_INT_CONVERSION = YES;
				CLANG_WARN_OBJC_ROOT_CLASS = YES_ERROR;
				CLANG_WARN_SUSPICIOUS_MOVE = YES;
				CLANG_WARN_SUSPICIOUS_MOVES = YES;
				CLANG_WARN_UNREACHABLE_CODE = YES;
				CLANG_WARN__DUPLICATE_METHOD_MATCH = YES;
				"CODE_SIGN_IDENTITY[sdk=iphoneos*]" = "iPhone Developer";
				COPY_PHASE_STRIP = NO;
				DEBUG_INFORMATION_FORMAT = "dwarf-with-dsym";
				ENABLE_NS_ASSERTIONS = NO;
				ENABLE_STRICT_OBJC_MSGSEND = YES;
				GCC_C_LANGUAGE_STANDARD = gnu99;
				GCC_NO_COMMON_BLOCKS = YES;
				GCC_WARN_64_TO_32_BIT_CONVERSION = YES;
				GCC_WARN_ABOUT_RETURN_TYPE = YES_ERROR;
				GCC_WARN_UNDECLARED_SELECTOR = YES;
				GCC_WARN_UNINITIALIZED_AUTOS = YES_AGGRESSIVE;
				GCC_WARN_UNUSED_FUNCTION = YES;
				GCC_WARN_UNUSED_VARIABLE = YES;
				IPHONEOS_DEPLOYMENT_TARGET = 10.2;
				MTL_ENABLE_DEBUG_INFO = NO;
				SDKROOT = iphoneos;
				SWIFT_OPTIMIZATION_LEVEL = "-Owholemodule";
				TARGETED_DEVICE_FAMILY = "1,2";
				VALIDATE_PRODUCT = YES;
			};
			name = Release;
		};
		DA2F3B6E1DE6219E00B2F8D2 /* Debug */ = {
			isa = XCBuildConfiguration;
			baseConfigurationReference = 44B7A161652000149F188A06 /* Pods-DevFest.debug.xcconfig */;
			buildSettings = {
				ASSETCATALOG_COMPILER_APPICON_NAME = AppIcon;
				CODE_SIGN_ENTITLEMENTS = DevFest/DevFest.entitlements;
				DEVELOPMENT_TEAM = A7VP3P27VW;
				INFOPLIST_FILE = DevFest/Info.plist;
				LD_RUNPATH_SEARCH_PATHS = "$(inherited) @executable_path/Frameworks";
				PRODUCT_BUNDLE_IDENTIFIER = mn.devfest;
				PRODUCT_NAME = "$(TARGET_NAME)";
				SWIFT_VERSION = 3.0;
				TARGETED_DEVICE_FAMILY = 1;
			};
			name = Debug;
		};
		DA2F3B6F1DE6219E00B2F8D2 /* Release */ = {
			isa = XCBuildConfiguration;
			baseConfigurationReference = 08C7D294C836693B626DDFDD /* Pods-DevFest.release.xcconfig */;
			buildSettings = {
				ASSETCATALOG_COMPILER_APPICON_NAME = AppIcon;
				CODE_SIGN_ENTITLEMENTS = DevFest/DevFest.entitlements;
				DEVELOPMENT_TEAM = A7VP3P27VW;
				INFOPLIST_FILE = DevFest/Info.plist;
				LD_RUNPATH_SEARCH_PATHS = "$(inherited) @executable_path/Frameworks";
				PRODUCT_BUNDLE_IDENTIFIER = mn.devfest;
				PRODUCT_NAME = "$(TARGET_NAME)";
				SWIFT_VERSION = 3.0;
				TARGETED_DEVICE_FAMILY = 1;
			};
			name = Release;
		};
		DA2F3B711DE6219E00B2F8D2 /* Debug */ = {
			isa = XCBuildConfiguration;
			baseConfigurationReference = A46D1C92B90E6844E090B96E /* Pods-DevFestTests.debug.xcconfig */;
			buildSettings = {
				ALWAYS_EMBED_SWIFT_STANDARD_LIBRARIES = YES;
				BUNDLE_LOADER = "$(TEST_HOST)";
				INFOPLIST_FILE = DevFestTests/Info.plist;
				LD_RUNPATH_SEARCH_PATHS = "$(inherited) @executable_path/Frameworks @loader_path/Frameworks";
				PRODUCT_BUNDLE_IDENTIFIER = mn.devfest.DevFestTests;
				PRODUCT_NAME = "$(TARGET_NAME)";
				SWIFT_VERSION = 3.0;
				TEST_HOST = "$(BUILT_PRODUCTS_DIR)/DevFest.app/DevFest";
			};
			name = Debug;
		};
		DA2F3B721DE6219E00B2F8D2 /* Release */ = {
			isa = XCBuildConfiguration;
			baseConfigurationReference = A81532637AEC2186DC08DFEC /* Pods-DevFestTests.release.xcconfig */;
			buildSettings = {
				ALWAYS_EMBED_SWIFT_STANDARD_LIBRARIES = YES;
				BUNDLE_LOADER = "$(TEST_HOST)";
				INFOPLIST_FILE = DevFestTests/Info.plist;
				LD_RUNPATH_SEARCH_PATHS = "$(inherited) @executable_path/Frameworks @loader_path/Frameworks";
				PRODUCT_BUNDLE_IDENTIFIER = mn.devfest.DevFestTests;
				PRODUCT_NAME = "$(TARGET_NAME)";
				SWIFT_VERSION = 3.0;
				TEST_HOST = "$(BUILT_PRODUCTS_DIR)/DevFest.app/DevFest";
			};
			name = Release;
		};
		DA2F3B741DE6219E00B2F8D2 /* Debug */ = {
			isa = XCBuildConfiguration;
			baseConfigurationReference = 7689DC410F1BD5221DEB2F89 /* Pods-DevFestUITests.debug.xcconfig */;
			buildSettings = {
				ALWAYS_EMBED_SWIFT_STANDARD_LIBRARIES = YES;
				INFOPLIST_FILE = DevFestUITests/Info.plist;
				LD_RUNPATH_SEARCH_PATHS = "$(inherited) @executable_path/Frameworks @loader_path/Frameworks";
				PRODUCT_BUNDLE_IDENTIFIER = mn.devfest.DevFestUITests;
				PRODUCT_NAME = "$(TARGET_NAME)";
				SWIFT_VERSION = 3.0;
				TEST_TARGET_NAME = DevFest;
			};
			name = Debug;
		};
		DA2F3B751DE6219E00B2F8D2 /* Release */ = {
			isa = XCBuildConfiguration;
			baseConfigurationReference = 619073CF9611C120152EF986 /* Pods-DevFestUITests.release.xcconfig */;
			buildSettings = {
				ALWAYS_EMBED_SWIFT_STANDARD_LIBRARIES = YES;
				INFOPLIST_FILE = DevFestUITests/Info.plist;
				LD_RUNPATH_SEARCH_PATHS = "$(inherited) @executable_path/Frameworks @loader_path/Frameworks";
				PRODUCT_BUNDLE_IDENTIFIER = mn.devfest.DevFestUITests;
				PRODUCT_NAME = "$(TARGET_NAME)";
				SWIFT_VERSION = 3.0;
				TEST_TARGET_NAME = DevFest;
			};
			name = Release;
		};
/* End XCBuildConfiguration section */

/* Begin XCConfigurationList section */
		DA2F3B3E1DE6219E00B2F8D2 /* Build configuration list for PBXProject "DevFest" */ = {
			isa = XCConfigurationList;
			buildConfigurations = (
				DA2F3B6B1DE6219E00B2F8D2 /* Debug */,
				DA2F3B6C1DE6219E00B2F8D2 /* Release */,
			);
			defaultConfigurationIsVisible = 0;
			defaultConfigurationName = Release;
		};
		DA2F3B6D1DE6219E00B2F8D2 /* Build configuration list for PBXNativeTarget "DevFest" */ = {
			isa = XCConfigurationList;
			buildConfigurations = (
				DA2F3B6E1DE6219E00B2F8D2 /* Debug */,
				DA2F3B6F1DE6219E00B2F8D2 /* Release */,
			);
			defaultConfigurationIsVisible = 0;
			defaultConfigurationName = Release;
		};
		DA2F3B701DE6219E00B2F8D2 /* Build configuration list for PBXNativeTarget "DevFestTests" */ = {
			isa = XCConfigurationList;
			buildConfigurations = (
				DA2F3B711DE6219E00B2F8D2 /* Debug */,
				DA2F3B721DE6219E00B2F8D2 /* Release */,
			);
			defaultConfigurationIsVisible = 0;
			defaultConfigurationName = Release;
		};
		DA2F3B731DE6219E00B2F8D2 /* Build configuration list for PBXNativeTarget "DevFestUITests" */ = {
			isa = XCConfigurationList;
			buildConfigurations = (
				DA2F3B741DE6219E00B2F8D2 /* Debug */,
				DA2F3B751DE6219E00B2F8D2 /* Release */,
			);
			defaultConfigurationIsVisible = 0;
			defaultConfigurationName = Release;
		};
/* End XCConfigurationList section */
	};
	rootObject = DA2F3B3B1DE6219E00B2F8D2 /* Project object */;
}
